{
  "requires": true,
  "lockfileVersion": 1,
  "dependencies": {
    "@kurkle/color": {
      "version": "0.1.9",
      "resolved": "https://registry.npmjs.org/@kurkle/color/-/color-0.1.9.tgz",
      "integrity": "sha512-K3Aul4Ct6O48yWw0/az5rqk2K76oNXXX3Su32Xkh4SfMFvPt0QEkq0Q6+3icE5S3U2c88WAuq3Vh1Iaz4aUH+w=="
    },
    "@types/chart.js": {
      "version": "2.9.34",
      "resolved": "https://registry.npmjs.org/@types/chart.js/-/chart.js-2.9.34.tgz",
      "integrity": "sha512-CtZVk+kh1IN67dv+fB0CWmCLCRrDJgqOj15qPic2B1VCMovNO6B7Vhf/TgPpNscjhAL1j+qUntDMWb9A4ZmPTg==",
      "requires": {
        "moment": "^2.10.2"
      }
    },
    "@types/jquery": {
      "version": "3.5.6",
      "resolved": "https://registry.npmjs.org/@types/jquery/-/jquery-3.5.6.tgz",
      "integrity": "sha512-SmgCQRzGPId4MZQKDj9Hqc6kSXFNWZFHpELkyK8AQhf8Zr6HKfCzFv9ZC1Fv3FyQttJZOlap3qYb12h61iZAIg==",
      "dev": true,
      "requires": {
        "@types/sizzle": "*"
      }
    },
    "@types/luxon": {
      "version": "1.27.1",
      "resolved": "https://registry.npmjs.org/@types/luxon/-/luxon-1.27.1.tgz",
      "integrity": "sha512-cPiXpOvPFDr2edMnOXlz3UBDApwUfR+cpizvxCy0n3vp9bz/qe8BWzHPIEFcy+ogUOyjKuCISgyq77ELZPmkkg=="
    },
    "@types/sizzle": {
      "version": "2.3.3",
      "resolved": "https://registry.npmjs.org/@types/sizzle/-/sizzle-2.3.3.tgz",
      "integrity": "sha512-JYM8x9EGF163bEyhdJBpR2QX1R5naCJHC8ucJylJ3w9/CVBaskdQ8WqBf8MmQrd1kRvp/a4TS8HJ+bxzR7ZJYQ==",
      "dev": true
    },
    "chartjs-adapter-luxon": {
      "version": "1.0.0",
      "resolved": "https://registry.npmjs.org/chartjs-adapter-luxon/-/chartjs-adapter-luxon-1.0.0.tgz",
      "integrity": "sha512-oy4iH4o6+8FqDoHYsEmUAB8+q8QO+vERDDHkmODm+MwWW1cet02wHN2KYvidwgBLYUX0laNWaWGN7l8Thac2Zg=="
    },
    "lodash-es": {
      "version": "4.17.21",
      "resolved": "https://registry.npmjs.org/lodash-es/-/lodash-es-4.17.21.tgz",
      "integrity": "sha512-mKnC+QJ9pWVzv+C4/U3rRsHapFfHvQFoFB92e52xeyGMcX6/OlIl78je1u8vePzYZSkkogMPJ2yjxxsb89cxyw=="
    },
    "luxon": {
      "version": "2.0.1",
      "resolved": "https://registry.npmjs.org/luxon/-/luxon-2.0.1.tgz",
      "integrity": "sha512-8Eawf81c9ZlQj62W3eq4mp+C7SAIAnmaS7ZuEAiX503YMcn+0C1JnMQRtfaQj6B5qTZLgHv0F4H5WabBCvi1fw=="
    },
    "moment": {
      "version": "2.29.1",
      "resolved": "https://registry.npmjs.org/moment/-/moment-2.29.1.tgz",
      "integrity": "sha512-kHmoybcPV8Sqy59DwNDY3Jefr64lK/by/da0ViFcuA4DH0vQg5Q6Ze5VimxkfQNSC+Mls/Kx53s7TjP1RhFEDQ=="
    },
    "ng2-charts": {
      "version": "2.4.3",
      "resolved": "https://registry.npmjs.org/ng2-charts/-/ng2-charts-2.4.3.tgz",
      "integrity": "sha512-tPrhHSS2DfVyipXQ0gykOPc8zFNnj2b7sAebUVty392vHnEGYCwsP6YbFfpr1iXu4yBSRm4Gt5lffR5w0uyYSw==",
      "requires": {
        "@types/chart.js": "^2.9.24",
        "lodash-es": "^4.17.15",
        "tslib": "^2.0.0"
      }
    },
    "tslib": {
      "version": "2.3.0",
      "resolved": "https://registry.npmjs.org/tslib/-/tslib-2.3.0.tgz",
      "integrity": "sha512-N82ooyxVNm6h1riLCoyS9e3fuJ3AMG2zIZs2Gd1ATcSFjSA23Q0fzjjZeh0jbJvWVDZ0cJT8yaNNaaXHzueNjg=="
    }
  }
}
